
Microsoft Visual Studio Solution File, Format Version 12.00
# Visual Studio Version 16
VisualStudioVersion = 16.0.28803.156
MinimumVisualStudioVersion = 10.0.40219.1
Project("{FAE04EC0-301F-11D3-BF4B-00C04F79EFBC}") = "Lab_1", "Lab_1.csproj", "{42E0E233-C533-4AD6-8801-F0CE4A39F8AA}"
EndProject
Project("{FAE04EC0-301F-11D3-BF4B-00C04F79EFBC}") = "Lab_1_Test", "Lab_1_Test\Lab_1_Test.csproj", "{A5CCF090-0F63-4254-9A6C-46DA907A1A01}"
EndProject
Global
	GlobalSection(SolutionConfigurationPlatforms) = preSolution
		Debug|Any CPU = Debug|Any CPU
		Release|Any CPU = Release|Any CPU
	EndGlobalSection
	GlobalSection(ProjectConfigurationPlatforms) = postSolution
		{42E0E233-C533-4AD6-8801-F0CE4A39F8AA}.Debug|Any CPU.ActiveCfg = Debug|Any CPU
		{42E0E233-C533-4AD6-8801-F0CE4A39F8AA}.Debug|Any CPU.Build.0 = Debug|Any CPU
		{42E0E233-C533-4AD6-8801-F0CE4A39F8AA}.Release|Any CPU.ActiveCfg = Release|Any CPU
		{42E0E233-C533-4AD6-8801-F0CE4A39F8AA}.Release|Any CPU.Build.0 = Release|Any CPU
		{A5CCF090-0F63-4254-9A6C-46DA907A1A01}.Debug|Any CPU.ActiveCfg = Debug|Any CPU
		{A5CCF090-0F63-4254-9A6C-46DA907A1A01}.Debug|Any CPU.Build.0 = Debug|Any CPU
		{A5CCF090-0F63-4254-9A6C-46DA907A1A01}.Release|Any CPU.ActiveCfg = Release|Any CPU
		{A5CCF090-0F63-4254-9A6C-46DA907A1A01}.Release|Any CPU.Build.0 = Release|Any CPU
	EndGlobalSection
	GlobalSection(SolutionProperties) = preSolution
		HideSolutionNode = FALSE
	EndGlobalSection
	GlobalSection(ExtensibilityGlobals) = postSolution
		SolutionGuid = {C638F982-77B6-4A45-9EBA-10F70B9B65BF}
	EndGlobalSection
EndGlobal
